
Microsoft Visual Studio Solution File, Format Version 12.00
# Visual Studio Version 16
VisualStudioVersion = 16.0.30225.117
MinimumVisualStudioVersion = 10.0.40219.1
Project("{FAE04EC0-301F-11D3-BF4B-00C04F79EFBC}") = "Average of Levels in Binary Tree", "Average of Levels in Binary Tree\Average of Levels in Binary Tree.csproj", "{9402D2AF-4138-4077-8352-52942FDAFCEC}"
EndProject
Global
	GlobalSection(SolutionConfigurationPlatforms) = preSolution
		Debug|Any CPU = Debug|Any CPU
		Release|Any CPU = Release|Any CPU
	EndGlobalSection
	GlobalSection(ProjectConfigurationPlatforms) = postSolution
		{9402D2AF-4138-4077-8352-52942FDAFCEC}.Debug|Any CPU.ActiveCfg = Debug|Any CPU
		{9402D2AF-4138-4077-8352-52942FDAFCEC}.Debug|Any CPU.Build.0 = Debug|Any CPU
		{9402D2AF-4138-4077-8352-52942FDAFCEC}.Release|Any CPU.ActiveCfg = Release|Any CPU
		{9402D2AF-4138-4077-8352-52942FDAFCEC}.Release|Any CPU.Build.0 = Release|Any CPU
	EndGlobalSection
	GlobalSection(SolutionProperties) = preSolution
		HideSolutionNode = FALSE
	EndGlobalSection
	GlobalSection(ExtensibilityGlobals) = postSolution
		SolutionGuid = {96EF4BEE-6AB3-4B83-AD87-5D87012D557D}
	EndGlobalSection
EndGlobal
